
Microsoft Visual Studio Solution File, Format Version 12.00
# Visual Studio Version 17
VisualStudioVersion = 17.5.33414.496
MinimumVisualStudioVersion = 10.0.40219.1
Project("{9A19103F-16F7-4668-BE54-9A1E7A4F7556}") = "Kdoctl", "Kdoctl.csproj", "{9ABD19EF-B18F-4048-BE85-2036A4F6DDD1}"
EndProject
Project("{2150E333-8FDC-42A3-9474-1A3956D46DE8}") = "Manifests", "Manifests", "{50B2CA52-E689-43CA-A9D7-C905C170D2D6}"
	ProjectSection(SolutionItems) = preProject
		..\Manifests\Project.yml = ..\Manifests\Project.yml
		Raboweb.yaml = Raboweb.yaml
		sample-yaml-referebce.yaml = sample-yaml-referebce.yaml
		..\Manifests\Tribe.yml = ..\Manifests\Tribe.yml
	EndProjectSection
EndProject
Project("{2150E333-8FDC-42A3-9474-1A3956D46DE8}") = "tribe-example", "tribe-example", "{8940926C-DD62-46D1-8C37-B859B9F7B9B2}"
	ProjectSection(SolutionItems) = preProject
		..\Manifests\tribe-example\build-folders.yml = ..\Manifests\tribe-example\build-folders.yml
		..\Manifests\tribe-example\environments.yml = ..\Manifests\tribe-example\environments.yml
		..\Manifests\tribe-example\permissions.yml = ..\Manifests\tribe-example\permissions.yml
		..\Manifests\tribe-example\project.yml = ..\Manifests\tribe-example\project.yml
		..\Manifests\tribe-example\release-folders.yml = ..\Manifests\tribe-example\release-folders.yml
		..\Manifests\tribe-example\Repository.yml = ..\Manifests\tribe-example\Repository.yml
		..\Manifests\tribe-example\service-endpoints.yml = ..\Manifests\tribe-example\service-endpoints.yml
		..\Manifests\tribe-example\teams.yml = ..\Manifests\tribe-example\teams.yml
	EndProjectSection
EndProject
Project("{2150E333-8FDC-42A3-9474-1A3956D46DE8}") = "Migrations", "Migrations", "{16FA3081-A4BA-40CD-897D-72392F96B361}"
	ProjectSection(SolutionItems) = preProject
		..\..\example-usage\Migrations\workitems.yaml = ..\..\example-usage\Migrations\workitems.yaml
	EndProjectSection
EndProject
Project("{9A19103F-16F7-4668-BE54-9A1E7A4F7556}") = "Cielo", "..\..\Cielo\Cielo.csproj", "{5940C1F0-B47E-486D-809B-2D9E5E8C1CD9}"
EndProject
Global
	GlobalSection(SolutionConfigurationPlatforms) = preSolution
		Debug|Any CPU = Debug|Any CPU
		Release|Any CPU = Release|Any CPU
	EndGlobalSection
	GlobalSection(ProjectConfigurationPlatforms) = postSolution
		{9ABD19EF-B18F-4048-BE85-2036A4F6DDD1}.Debug|Any CPU.ActiveCfg = Debug|Any CPU
		{9ABD19EF-B18F-4048-BE85-2036A4F6DDD1}.Debug|Any CPU.Build.0 = Debug|Any CPU
		{9ABD19EF-B18F-4048-BE85-2036A4F6DDD1}.Release|Any CPU.ActiveCfg = Release|Any CPU
		{9ABD19EF-B18F-4048-BE85-2036A4F6DDD1}.Release|Any CPU.Build.0 = Release|Any CPU
		{5940C1F0-B47E-486D-809B-2D9E5E8C1CD9}.Debug|Any CPU.ActiveCfg = Debug|Any CPU
		{5940C1F0-B47E-486D-809B-2D9E5E8C1CD9}.Debug|Any CPU.Build.0 = Debug|Any CPU
		{5940C1F0-B47E-486D-809B-2D9E5E8C1CD9}.Release|Any CPU.ActiveCfg = Release|Any CPU
		{5940C1F0-B47E-486D-809B-2D9E5E8C1CD9}.Release|Any CPU.Build.0 = Release|Any CPU
	EndGlobalSection
	GlobalSection(SolutionProperties) = preSolution
		HideSolutionNode = FALSE
	EndGlobalSection
	GlobalSection(NestedProjects) = preSolution
		{8940926C-DD62-46D1-8C37-B859B9F7B9B2} = {50B2CA52-E689-43CA-A9D7-C905C170D2D6}
		{16FA3081-A4BA-40CD-897D-72392F96B361} = {50B2CA52-E689-43CA-A9D7-C905C170D2D6}
	EndGlobalSection
	GlobalSection(ExtensibilityGlobals) = postSolution
		SolutionGuid = {A03FFF2C-FC40-43E3-AB4B-4BD438ADA82E}
	EndGlobalSection
EndGlobal
